// !$*UTF8*$!
{
	archiveVersion = 1;
	classes = {
	};
	objectVersion = 77;
	objects = {

/* Begin PBXContainerItemProxy section */
		CE36BB5F2DE2070700440724 /* PBXContainerItemProxy */ = {
			isa = PBXContainerItemProxy;
			containerPortal = CE36BB492DE2070500440724 /* Project object */;
			proxyType = 1;
			remoteGlobalIDString = CE36BB502DE2070500440724;
			remoteInfo = "Unsplash Photo Picker";
		};
		CE36BB692DE2070700440724 /* PBXContainerItemProxy */ = {
			isa = PBXContainerItemProxy;
			containerPortal = CE36BB492DE2070500440724 /* Project object */;
			proxyType = 1;
			remoteGlobalIDString = CE36BB502DE2070500440724;
			remoteInfo = "Unsplash Photo Picker";
		};
/* End PBXContainerItemProxy section */

/* Begin PBXFileReference section */
		CE36BB512DE2070500440724 /* Unsplash Photo Picker.app */ = {isa = PBXFileReference; explicitFileType = wrapper.application; includeInIndex = 0; path = "Unsplash Photo Picker.app"; sourceTree = BUILT_PRODUCTS_DIR; };
		CE36BB5E2DE2070700440724 /* Unsplash Photo PickerTests.xctest */ = {isa = PBXFileReference; explicitFileType = wrapper.cfbundle; includeInIndex = 0; path = "Unsplash Photo PickerTests.xctest"; sourceTree = BUILT_PRODUCTS_DIR; };
		CE36BB682DE2070700440724 /* Unsplash Photo PickerUITests.xctest */ = {isa = PBXFileReference; explicitFileType = wrapper.cfbundle; includeInIndex = 0; path = "Unsplash Photo PickerUITests.xctest"; sourceTree = BUILT_PRODUCTS_DIR; };
/* End PBXFileReference section */

/* Begin PBXFileSystemSynchronizedRootGroup section */
		CE36BB532DE2070500440724 /* Unsplash Photo Picker */ = {
			isa = PBXFileSystemSynchronizedRootGroup;
			path = "Unsplash Photo Picker";
			sourceTree = "<group>";
		};
		CE36BB612DE2070700440724 /* Unsplash Photo PickerTests */ = {
			isa = PBXFileSystemSynchronizedRootGroup;
			path = "Unsplash Photo PickerTests";
			sourceTree = "<group>";
		};
		CE36BB6B2DE2070700440724 /* Unsplash Photo PickerUITests */ = {
			isa = PBXFileSystemSynchronizedRootGroup;
			path = "Unsplash Photo PickerUITests";
			sourceTree = "<group>";
		};
/* End PBXFileSystemSynchronizedRootGroup section */

/* Begin PBXFrameworksBuildPhase section */
		CE36BB4E2DE2070500440724 /* Frameworks */ = {
			isa = PBXFrameworksBuildPhase;
			buildActionMask = 2147483647;
			files = (
			);
			runOnlyForDeploymentPostprocessing = 0;
		};
		CE36BB5B2DE2070700440724 /* Frameworks */ = {
			isa = PBXFrameworksBuildPhase;
			buildActionMask = 2147483647;
			files = (
			);
			runOnlyForDeploymentPostprocessing = 0;
		};
		CE36BB652DE2070700440724 /* Frameworks */ = {
			isa = PBXFrameworksBuildPhase;
			buildActionMask = 2147483647;
			files = (
			);
			runOnlyForDeploymentPostprocessing = 0;
		};
/* End PBXFrameworksBuildPhase section */

/* Begin PBXGroup section */
		CE36BB482DE2070500440724 = {
			isa = PBXGroup;
			children = (
				CE36BB532DE2070500440724 /* Unsplash Photo Picker */,
				CE36BB612DE2070700440724 /* Unsplash Photo PickerTests */,
				CE36BB6B2DE2070700440724 /* Unsplash Photo PickerUITests */,
				CE36BB522DE2070500440724 /* Products */,
			);
			sourceTree = "<group>";
		};
		CE36BB522DE2070500440724 /* Products */ = {
			isa = PBXGroup;
			children = (
				CE36BB512DE2070500440724 /* Unsplash Photo Picker.app */,
				CE36BB5E2DE2070700440724 /* Unsplash Photo PickerTests.xctest */,
				CE36BB682DE2070700440724 /* Unsplash Photo PickerUITests.xctest */,
			);
			name = Products;
			sourceTree = "<group>";
		};
/* End PBXGroup section */

/* Begin PBXNativeTarget section */
		CE36BB502DE2070500440724 /* Unsplash Photo Picker */ = {
			isa = PBXNativeTarget;
			buildConfigurationList = CE36BB722DE2070700440724 /* Build configuration list for PBXNativeTarget "Unsplash Photo Picker" */;
			buildPhases = (
				CE36BB4D2DE2070500440724 /* Sources */,
				CE36BB4E2DE2070500440724 /* Frameworks */,
				CE36BB4F2DE2070500440724 /* Resources */,
			);
			buildRules = (
			);
			dependencies = (
			);
			fileSystemSynchronizedGroups = (
				CE36BB532DE2070500440724 /* Unsplash Photo Picker */,
			);
			name = "Unsplash Photo Picker";
			packageProductDependencies = (
			);
			productName = "Unsplash Photo Picker";
			productReference = CE36BB512DE2070500440724 /* Unsplash Photo Picker.app */;
			productType = "com.apple.product-type.application";
		};
		CE36BB5D2DE2070700440724 /* Unsplash Photo PickerTests */ = {
			isa = PBXNativeTarget;
			buildConfigurationList = CE36BB752DE2070700440724 /* Build configuration list for PBXNativeTarget "Unsplash Photo PickerTests" */;
			buildPhases = (
				CE36BB5A2DE2070700440724 /* Sources */,
				CE36BB5B2DE2070700440724 /* Frameworks */,
				CE36BB5C2DE2070700440724 /* Resources */,
			);
			buildRules = (
			);
			dependencies = (
				CE36BB602DE2070700440724 /* PBXTargetDependency */,
			);
			fileSystemSynchronizedGroups = (
				CE36BB612DE2070700440724 /* Unsplash Photo PickerTests */,
			);
			name = "Unsplash Photo PickerTests";
			packageProductDependencies = (
			);
			productName = "Unsplash Photo PickerTests";
			productReference = CE36BB5E2DE2070700440724 /* Unsplash Photo PickerTests.xctest */;
			productType = "com.apple.product-type.bundle.unit-test";
		};
		CE36BB672DE2070700440724 /* Unsplash Photo PickerUITests */ = {
			isa = PBXNativeTarget;
			buildConfigurationList = CE36BB782DE2070700440724 /* Build configuration list for PBXNativeTarget "Unsplash Photo PickerUITests" */;
			buildPhases = (
				CE36BB642DE2070700440724 /* Sources */,
				CE36BB652DE2070700440724 /* Frameworks */,
				CE36BB662DE2070700440724 /* Resources */,
			);
			buildRules = (
			);
			dependencies = (
				CE36BB6A2DE2070700440724 /* PBXTargetDependency */,
			);
			fileSystemSynchronizedGroups = (
				CE36BB6B2DE2070700440724 /* Unsplash Photo PickerUITests */,
			);
			name = "Unsplash Photo PickerUITests";
			packageProductDependencies = (
			);
			productName = "Unsplash Photo PickerUITests";
			productReference = CE36BB682DE2070700440724 /* Unsplash Photo PickerUITests.xctest */;
			productType = "com.apple.product-type.bundle.ui-testing";
		};
/* End PBXNativeTarget section */

/* Begin PBXProject section */
		CE36BB492DE2070500440724 /* Project object */ = {
			isa = PBXProject;
			attributes = {
				BuildIndependentTargetsInParallel = 1;
				LastSwiftUpdateCheck = 1630;
				LastUpgradeCheck = 1630;
				TargetAttributes = {
					CE36BB502DE2070500440724 = {
						CreatedOnToolsVersion = 16.3;
					};
					CE36BB5D2DE2070700440724 = {
						CreatedOnToolsVersion = 16.3;
						TestTargetID = CE36BB502DE2070500440724;
					};
					CE36BB672DE2070700440724 = {
						CreatedOnToolsVersion = 16.3;
						TestTargetID = CE36BB502DE2070500440724;
					};
				};
			};
			buildConfigurationList = CE36BB4C2DE2070500440724 /* Build configuration list for PBXProject "Unsplash Photo Picker" */;
			developmentRegion = en;
			hasScannedForEncodings = 0;
			knownRegions = (
				en,
				Base,
			);
			mainGroup = CE36BB482DE2070500440724;
			minimizedProjectReferenceProxies = 1;
			preferredProjectObjectVersion = 77;
			productRefGroup = CE36BB522DE2070500440724 /* Products */;
			projectDirPath = "";
			projectRoot = "";
			targets = (
				CE36BB502DE2070500440724 /* Unsplash Photo Picker */,
				CE36BB5D2DE2070700440724 /* Unsplash Photo PickerTests */,
				CE36BB672DE2070700440724 /* Unsplash Photo PickerUITests */,
			);
		};
/* End PBXProject section */

/* Begin PBXResourcesBuildPhase section */
		CE36BB4F2DE2070500440724 /* Resources */ = {
			isa = PBXResourcesBuildPhase;
			buildActionMask = 2147483647;
			files = (
			);
			runOnlyForDeploymentPostprocessing = 0;
		};
		CE36BB5C2DE2070700440724 /* Resources */ = {
			isa = PBXResourcesBuildPhase;
			buildActionMask = 2147483647;
			files = (
			);
			runOnlyForDeploymentPostprocessing = 0;
		};
		CE36BB662DE2070700440724 /* Resources */ = {
			isa = PBXResourcesBuildPhase;
			buildActionMask = 2147483647;
			files = (
			);
			runOnlyForDeploymentPostprocessing = 0;
		};
/* End PBXResourcesBuildPhase section */

/* Begin PBXSourcesBuildPhase section */
		CE36BB4D2DE2070500440724 /* Sources */ = {
			isa = PBXSourcesBuildPhase;
			buildActionMask = 2147483647;
			files = (
			);
			runOnlyForDeploymentPostprocessing = 0;
		};
		CE36BB5A2DE2070700440724 /* Sources */ = {
			isa = PBXSourcesBuildPhase;
			buildActionMask = 2147483647;
			files = (
			);
			runOnlyForDeploymentPostprocessing = 0;
		};
		CE36BB642DE2070700440724 /* Sources */ = {
			isa = PBXSourcesBuildPhase;
			buildActionMask = 2147483647;
			files = (
			);
			runOnlyForDeploymentPostprocessing = 0;
		};
/* End PBXSourcesBuildPhase section */

/* Begin PBXTargetDependency section */
		CE36BB602DE2070700440724 /* PBXTargetDependency */ = {
			isa = PBXTargetDependency;
			target = CE36BB502DE2070500440724 /* Unsplash Photo Picker */;
			targetProxy = CE36BB5F2DE2070700440724 /* PBXContainerItemProxy */;
		};
		CE36BB6A2DE2070700440724 /* PBXTargetDependency */ = {
			isa = PBXTargetDependency;
			target = CE36BB502DE2070500440724 /* Unsplash Photo Picker */;
			targetProxy = CE36BB692DE2070700440724 /* PBXContainerItemProxy */;
		};
/* End PBXTargetDependency section */

/* Begin XCBuildConfiguration section */
		CE36BB702DE2070700440724 /* Debug */ = {
			isa = XCBuildConfiguration;
			buildSettings = {
				ALWAYS_SEARCH_USER_PATHS = NO;
				ASSETCATALOG_COMPILER_GENERATE_SWIFT_ASSET_SYMBOL_EXTENSIONS = YES;
				CLANG_ANALYZER_NONNULL = YES;
				CLANG_ANALYZER_NUMBER_OBJECT_CONVERSION = YES_AGGRESSIVE;
				CLANG_CXX_LANGUAGE_STANDARD = "gnu++20";
				CLANG_ENABLE_MODULES = YES;
				CLANG_ENABLE_OBJC_ARC = YES;
				CLANG_ENABLE_OBJC_WEAK = YES;
				CLANG_WARN_BLOCK_CAPTURE_AUTORELEASING = YES;
				CLANG_WARN_BOOL_CONVERSION = YES;
				CLANG_WARN_COMMA = YES;
				CLANG_WARN_CONSTANT_CONVERSION = YES;
				CLANG_WARN_DEPRECATED_OBJC_IMPLEMENTATIONS = YES;
				CLANG_WARN_DIRECT_OBJC_ISA_USAGE = YES_ERROR;
				CLANG_WARN_DOCUMENTATION_COMMENTS = YES;
				CLANG_WARN_EMPTY_BODY = YES;
				CLANG_WARN_ENUM_CONVERSION = YES;
				CLANG_WARN_INFINITE_RECURSION = YES;
				CLANG_WARN_INT_CONVERSION = YES;
				CLANG_WARN_NON_LITERAL_NULL_CONVERSION = YES;
				CLANG_WARN_OBJC_IMPLICIT_RETAIN_SELF = YES;
				CLANG_WARN_OBJC_LITERAL_CONVERSION = YES;
				CLANG_WARN_OBJC_ROOT_CLASS = YES_ERROR;
				CLANG_WARN_QUOTED_INCLUDE_IN_FRAMEWORK_HEADER = YES;
				CLANG_WARN_RANGE_LOOP_ANALYSIS = YES;
				CLANG_WARN_STRICT_PROTOTYPES = YES;
				CLANG_WARN_SUSPICIOUS_MOVE = YES;
				CLANG_WARN_UNGUARDED_AVAILABILITY = YES_AGGRESSIVE;
				CLANG_WARN_UNREACHABLE_CODE = YES;
				CLANG_WARN__DUPLICATE_METHOD_MATCH = YES;
				COPY_PHASE_STRIP = NO;
				DEBUG_INFORMATION_FORMAT = dwarf;
				ENABLE_STRICT_OBJC_MSGSEND = YES;
				ENABLE_TESTABILITY = YES;
				ENABLE_USER_SCRIPT_SANDBOXING = YES;
				GCC_C_LANGUAGE_STANDARD = gnu17;
				GCC_DYNAMIC_NO_PIC = NO;
				GCC_NO_COMMON_BLOCKS = YES;
				GCC_OPTIMIZATION_LEVEL = 0;
				GCC_PREPROCESSOR_DEFINITIONS = (
					"DEBUG=1",
					"$(inherited)",
				);
				GCC_WARN_64_TO_32_BIT_CONVERSION = YES;
				GCC_WARN_ABOUT_RETURN_TYPE = YES_ERROR;
				GCC_WARN_UNDECLARED_SELECTOR = YES;
				GCC_WARN_UNINITIALIZED_AUTOS = YES_AGGRESSIVE;
				GCC_WARN_UNUSED_FUNCTION = YES;
				GCC_WARN_UNUSED_VARIABLE = YES;
				IPHONEOS_DEPLOYMENT_TARGET = 18.4;
				LOCALIZATION_PREFERS_STRING_CATALOGS = YES;
				MTL_ENABLE_DEBUG_INFO = INCLUDE_SOURCE;
				MTL_FAST_MATH = YES;
				ONLY_ACTIVE_ARCH = YES;
				SDKROOT = iphoneos;
				SWIFT_ACTIVE_COMPILATION_CONDITIONS = "DEBUG $(inherited)";
				SWIFT_OPTIMIZATION_LEVEL = "-Onone";
			};
			name = Debug;
		};
		CE36BB712DE2070700440724 /* Release */ = {
			isa = XCBuildConfiguration;
			buildSettings = {
				ALWAYS_SEARCH_USER_PATHS = NO;
				ASSETCATALOG_COMPILER_GENERATE_SWIFT_ASSET_SYMBOL_EXTENSIONS = YES;
				CLANG_ANALYZER_NONNULL = YES;
				CLANG_ANALYZER_NUMBER_OBJECT_CONVERSION = YES_AGGRESSIVE;
				CLANG_CXX_LANGUAGE_STANDARD = "gnu++20";
				CLANG_ENABLE_MODULES = YES;
				CLANG_ENABLE_OBJC_ARC = YES;
				CLANG_ENABLE_OBJC_WEAK = YES;
				CLANG_WARN_BLOCK_CAPTURE_AUTORELEASING = YES;
				CLANG_WARN_BOOL_CONVERSION = YES;
				CLANG_WARN_COMMA = YES;
				CLANG_WARN_CONSTANT_CONVERSION = YES;
				CLANG_WARN_DEPRECATED_OBJC_IMPLEMENTATIONS = YES;
				CLANG_WARN_DIRECT_OBJC_ISA_USAGE = YES_ERROR;
				CLANG_WARN_DOCUMENTATION_COMMENTS = YES;
				CLANG_WARN_EMPTY_BODY = YES;
				CLANG_WARN_ENUM_CONVERSION = YES;
				CLANG_WARN_INFINITE_RECURSION = YES;
				CLANG_WARN_INT_CONVERSION = YES;
				CLANG_WARN_NON_LITERAL_NULL_CONVERSION = YES;
				CLANG_WARN_OBJC_IMPLICIT_RETAIN_SELF = YES;
				CLANG_WARN_OBJC_LITERAL_CONVERSION = YES;
				CLANG_WARN_OBJC_ROOT_CLASS = YES_ERROR;
				CLANG_WARN_QUOTED_INCLUDE_IN_FRAMEWORK_HEADER = YES;
				CLANG_WARN_RANGE_LOOP_ANALYSIS = YES;
				CLANG_WARN_STRICT_PROTOTYPES = YES;
				CLANG_WARN_SUSPICIOUS_MOVE = YES;
				CLANG_WARN_UNGUARDED_AVAILABILITY = YES_AGGRESSIVE;
				CLANG_WARN_UNREACHABLE_CODE = YES;
				CLANG_WARN__DUPLICATE_METHOD_MATCH = YES;
				COPY_PHASE_STRIP = NO;
				DEBUG_INFORMATION_FORMAT = "dwarf-with-dsym";
				ENABLE_NS_ASSERTIONS = NO;
				ENABLE_STRICT_OBJC_MSGSEND = YES;
				ENABLE_USER_SCRIPT_SANDBOXING = YES;
				GCC_C_LANGUAGE_STANDARD = gnu17;
				GCC_NO_COMMON_BLOCKS = YES;
				GCC_WARN_64_TO_32_BIT_CONVERSION = YES;
				GCC_WARN_ABOUT_RETURN_TYPE = YES_ERROR;
				GCC_WARN_UNDECLARED_SELECTOR = YES;
				GCC_WARN_UNINITIALIZED_AUTOS = YES_AGGRESSIVE;
				GCC_WARN_UNUSED_FUNCTION = YES;
				GCC_WARN_UNUSED_VARIABLE = YES;
				IPHONEOS_DEPLOYMENT_TARGET = 18.4;
				LOCALIZATION_PREFERS_STRING_CATALOGS = YES;
				MTL_ENABLE_DEBUG_INFO = NO;
				MTL_FAST_MATH = YES;
				SDKROOT = iphoneos;
				SWIFT_COMPILATION_MODE = wholemodule;
				VALIDATE_PRODUCT = YES;
			};
			name = Release;
		};
		CE36BB732DE2070700440724 /* Debug */ = {
			isa = XCBuildConfiguration;
			buildSettings = {
				ASSETCATALOG_COMPILER_APPICON_NAME = AppIcon;
				ASSETCATALOG_COMPILER_GLOBAL_ACCENT_COLOR_NAME = AccentColor;
				CODE_SIGN_STYLE = Automatic;
				CURRENT_PROJECT_VERSION = 1;
				ENABLE_PREVIEWS = YES;
				GENERATE_INFOPLIST_FILE = YES;
				INFOPLIST_KEY_UIApplicationSceneManifest_Generation = YES;
				INFOPLIST_KEY_UIApplicationSupportsIndirectInputEvents = YES;
				INFOPLIST_KEY_UILaunchScreen_Generation = YES;
				INFOPLIST_KEY_UISupportedInterfaceOrientations_iPad = "UIInterfaceOrientationPortrait UIInterfaceOrientationPortraitUpsideDown UIInterfaceOrientationLandscapeLeft UIInterfaceOrientationLandscapeRight";
				INFOPLIST_KEY_UISupportedInterfaceOrientations_iPhone = "UIInterfaceOrientationPortrait UIInterfaceOrientationLandscapeLeft UIInterfaceOrientationLandscapeRight";
				LD_RUNPATH_SEARCH_PATHS = (
					"$(inherited)",
					"@executable_path/Frameworks",
				);
				MARKETING_VERSION = 1.0;
				PRODUCT_BUNDLE_IDENTIFIER = "com.Sweeft.Unsplash-Photo-Picker";
				PRODUCT_NAME = "$(TARGET_NAME)";
				SWIFT_EMIT_LOC_STRINGS = YES;
				SWIFT_VERSION = 5.0;
				TARGETED_DEVICE_FAMILY = "1,2";
			};
			name = Debug;
		};
		CE36BB742DE2070700440724 /* Release */ = {
			isa = XCBuildConfiguration;
			buildSettings = {
				ASSETCATALOG_COMPILER_APPICON_NAME = AppIcon;
				ASSETCATALOG_COMPILER_GLOBAL_ACCENT_COLOR_NAME = AccentColor;
				CODE_SIGN_STYLE = Automatic;
				CURRENT_PROJECT_VERSION = 1;
				ENABLE_PREVIEWS = YES;
				GENERATE_INFOPLIST_FILE = YES;
				INFOPLIST_KEY_UIApplicationSceneManifest_Generation = YES;
				INFOPLIST_KEY_UIApplicationSupportsIndirectInputEvents = YES;
				INFOPLIST_KEY_UILaunchScreen_Generation = YES;
				INFOPLIST_KEY_UISupportedInterfaceOrientations_iPad = "UIInterfaceOrientationPortrait UIInterfaceOrientationPortraitUpsideDown UIInterfaceOrientationLandscapeLeft UIInterfaceOrientationLandscapeRight";
				INFOPLIST_KEY_UISupportedInterfaceOrientations_iPhone = "UIInterfaceOrientationPortrait UIInterfaceOrientationLandscapeLeft UIInterfaceOrientationLandscapeRight";
				LD_RUNPATH_SEARCH_PATHS = (
					"$(inherited)",
					"@executable_path/Frameworks",
				);
				MARKETING_VERSION = 1.0;
				PRODUCT_BUNDLE_IDENTIFIER = "com.Sweeft.Unsplash-Photo-Picker";
				PRODUCT_NAME = "$(TARGET_NAME)";
				SWIFT_EMIT_LOC_STRINGS = YES;
				SWIFT_VERSION = 5.0;
				TARGETED_DEVICE_FAMILY = "1,2";
			};
			name = Release;
		};
		CE36BB762DE2070700440724 /* Debug */ = {
			isa = XCBuildConfiguration;
			buildSettings = {
				BUNDLE_LOADER = "$(TEST_HOST)";
				CODE_SIGN_STYLE = Automatic;
				CURRENT_PROJECT_VERSION = 1;
				GENERATE_INFOPLIST_FILE = YES;
				IPHONEOS_DEPLOYMENT_TARGET = 18.4;
				MARKETING_VERSION = 1.0;
				PRODUCT_BUNDLE_IDENTIFIER = "com.Sweeft.Unsplash-Photo-PickerTests";
				PRODUCT_NAME = "$(TARGET_NAME)";
				SWIFT_EMIT_LOC_STRINGS = NO;
				SWIFT_VERSION = 5.0;
				TARGETED_DEVICE_FAMILY = "1,2";
				TEST_HOST = "$(BUILT_PRODUCTS_DIR)/Unsplash Photo Picker.app/$(BUNDLE_EXECUTABLE_FOLDER_PATH)/Unsplash Photo Picker";
			};
			name = Debug;
		};
		CE36BB772DE2070700440724 /* Release */ = {
			isa = XCBuildConfiguration;
			buildSettings = {
				BUNDLE_LOADER = "$(TEST_HOST)";
				CODE_SIGN_STYLE = Automatic;
				CURRENT_PROJECT_VERSION = 1;
				GENERATE_INFOPLIST_FILE = YES;
				IPHONEOS_DEPLOYMENT_TARGET = 18.4;
				MARKETING_VERSION = 1.0;
				PRODUCT_BUNDLE_IDENTIFIER = "com.Sweeft.Unsplash-Photo-PickerTests";
				PRODUCT_NAME = "$(TARGET_NAME)";
				SWIFT_EMIT_LOC_STRINGS = NO;
				SWIFT_VERSION = 5.0;
				TARGETED_DEVICE_FAMILY = "1,2";
				TEST_HOST = "$(BUILT_PRODUCTS_DIR)/Unsplash Photo Picker.app/$(BUNDLE_EXECUTABLE_FOLDER_PATH)/Unsplash Photo Picker";
			};
			name = Release;
		};
		CE36BB792DE2070700440724 /* Debug */ = {
			isa = XCBuildConfiguration;
			buildSettings = {
				CODE_SIGN_STYLE = Automatic;
				CURRENT_PROJECT_VERSION = 1;
				GENERATE_INFOPLIST_FILE = YES;
				MARKETING_VERSION = 1.0;
				PRODUCT_BUNDLE_IDENTIFIER = "com.Sweeft.Unsplash-Photo-PickerUITests";
				PRODUCT_NAME = "$(TARGET_NAME)";
				SWIFT_EMIT_LOC_STRINGS = NO;
				SWIFT_VERSION = 5.0;
				TARGETED_DEVICE_FAMILY = "1,2";
				TEST_TARGET_NAME = "Unsplash Photo Picker";
			};
			name = Debug;
		};
		CE36BB7A2DE2070700440724 /* Release */ = {
			isa = XCBuildConfiguration;
			buildSettings = {
				CODE_SIGN_STYLE = Automatic;
				CURRENT_PROJECT_VERSION = 1;
				GENERATE_INFOPLIST_FILE = YES;
				MARKETING_VERSION = 1.0;
				PRODUCT_BUNDLE_IDENTIFIER = "com.Sweeft.Unsplash-Photo-PickerUITests";
				PRODUCT_NAME = "$(TARGET_NAME)";
				SWIFT_EMIT_LOC_STRINGS = NO;
				SWIFT_VERSION = 5.0;
				TARGETED_DEVICE_FAMILY = "1,2";
				TEST_TARGET_NAME = "Unsplash Photo Picker";
			};
			name = Release;
		};
/* End XCBuildConfiguration section */

/* Begin XCConfigurationList section */
		CE36BB4C2DE2070500440724 /* Build configuration list for PBXProject "Unsplash Photo Picker" */ = {
			isa = XCConfigurationList;
			buildConfigurations = (
				CE36BB702DE2070700440724 /* Debug */,
				CE36BB712DE2070700440724 /* Release */,
			);
			defaultConfigurationIsVisible = 0;
			defaultConfigurationName = Release;
		};
		CE36BB722DE2070700440724 /* Build configuration list for PBXNativeTarget "Unsplash Photo Picker" */ = {
			isa = XCConfigurationList;
			buildConfigurations = (
				CE36BB732DE2070700440724 /* Debug */,
				CE36BB742DE2070700440724 /* Release */,
			);
			defaultConfigurationIsVisible = 0;
			defaultConfigurationName = Release;
		};
		CE36BB752DE2070700440724 /* Build configuration list for PBXNativeTarget "Unsplash Photo PickerTests" */ = {
			isa = XCConfigurationList;
			buildConfigurations = (
				CE36BB762DE2070700440724 /* Debug */,
				CE36BB772DE2070700440724 /* Release */,
			);
			defaultConfigurationIsVisible = 0;
			defaultConfigurationName = Release;
		};
		CE36BB782DE2070700440724 /* Build configuration list for PBXNativeTarget "Unsplash Photo PickerUITests" */ = {
			isa = XCConfigurationList;
			buildConfigurations = (
				CE36BB792DE2070700440724 /* Debug */,
				CE36BB7A2DE2070700440724 /* Release */,
			);
			defaultConfigurationIsVisible = 0;
			defaultConfigurationName = Release;
		};
/* End XCConfigurationList section */
	};
	rootObject = CE36BB492DE2070500440724 /* Project object */;
}
